
Microsoft Visual Studio Solution File, Format Version 12.00
# Visual Studio 15
VisualStudioVersion = 15.0.26124.0
MinimumVisualStudioVersion = 15.0.26124.0
Project("{FAE04EC0-301F-11D3-BF4B-00C04F79EFBC}") = "Domain", "Domain\Domain.csproj", "{4CD72A6D-E7C1-4C62-AF30-431EA76A20DE}"
EndProject
Project("{FAE04EC0-301F-11D3-BF4B-00C04F79EFBC}") = "Application", "Application\Application.csproj", "{955B8DEB-0FA2-400A-AC89-7F3B587B29AA}"
EndProject
Project("{FAE04EC0-301F-11D3-BF4B-00C04F79EFBC}") = "Persistence", "Persistence\Persistence.csproj", "{A14A527C-DDC1-426F-BF9D-3558166ECAA9}"
EndProject
Project("{FAE04EC0-301F-11D3-BF4B-00C04F79EFBC}") = "API", "API\API.csproj", "{E3274090-D0E4-422F-8930-CC1FB40F8BCB}"
EndProject
Global
	GlobalSection(SolutionConfigurationPlatforms) = preSolution
		Debug|Any CPU = Debug|Any CPU
		Debug|x64 = Debug|x64
		Debug|x86 = Debug|x86
		Release|Any CPU = Release|Any CPU
		Release|x64 = Release|x64
		Release|x86 = Release|x86
	EndGlobalSection
	GlobalSection(SolutionProperties) = preSolution
		HideSolutionNode = FALSE
	EndGlobalSection
	GlobalSection(ProjectConfigurationPlatforms) = postSolution
		{4CD72A6D-E7C1-4C62-AF30-431EA76A20DE}.Debug|Any CPU.ActiveCfg = Debug|Any CPU
		{4CD72A6D-E7C1-4C62-AF30-431EA76A20DE}.Debug|Any CPU.Build.0 = Debug|Any CPU
		{4CD72A6D-E7C1-4C62-AF30-431EA76A20DE}.Debug|x64.ActiveCfg = Debug|Any CPU
		{4CD72A6D-E7C1-4C62-AF30-431EA76A20DE}.Debug|x64.Build.0 = Debug|Any CPU
		{4CD72A6D-E7C1-4C62-AF30-431EA76A20DE}.Debug|x86.ActiveCfg = Debug|Any CPU
		{4CD72A6D-E7C1-4C62-AF30-431EA76A20DE}.Debug|x86.Build.0 = Debug|Any CPU
		{4CD72A6D-E7C1-4C62-AF30-431EA76A20DE}.Release|Any CPU.ActiveCfg = Release|Any CPU
		{4CD72A6D-E7C1-4C62-AF30-431EA76A20DE}.Release|Any CPU.Build.0 = Release|Any CPU
		{4CD72A6D-E7C1-4C62-AF30-431EA76A20DE}.Release|x64.ActiveCfg = Release|Any CPU
		{4CD72A6D-E7C1-4C62-AF30-431EA76A20DE}.Release|x64.Build.0 = Release|Any CPU
		{4CD72A6D-E7C1-4C62-AF30-431EA76A20DE}.Release|x86.ActiveCfg = Release|Any CPU
		{4CD72A6D-E7C1-4C62-AF30-431EA76A20DE}.Release|x86.Build.0 = Release|Any CPU
		{955B8DEB-0FA2-400A-AC89-7F3B587B29AA}.Debug|Any CPU.ActiveCfg = Debug|Any CPU
		{955B8DEB-0FA2-400A-AC89-7F3B587B29AA}.Debug|Any CPU.Build.0 = Debug|Any CPU
		{955B8DEB-0FA2-400A-AC89-7F3B587B29AA}.Debug|x64.ActiveCfg = Debug|Any CPU
		{955B8DEB-0FA2-400A-AC89-7F3B587B29AA}.Debug|x64.Build.0 = Debug|Any CPU
		{955B8DEB-0FA2-400A-AC89-7F3B587B29AA}.Debug|x86.ActiveCfg = Debug|Any CPU
		{955B8DEB-0FA2-400A-AC89-7F3B587B29AA}.Debug|x86.Build.0 = Debug|Any CPU
		{955B8DEB-0FA2-400A-AC89-7F3B587B29AA}.Release|Any CPU.ActiveCfg = Release|Any CPU
		{955B8DEB-0FA2-400A-AC89-7F3B587B29AA}.Release|Any CPU.Build.0 = Release|Any CPU
		{955B8DEB-0FA2-400A-AC89-7F3B587B29AA}.Release|x64.ActiveCfg = Release|Any CPU
		{955B8DEB-0FA2-400A-AC89-7F3B587B29AA}.Release|x64.Build.0 = Release|Any CPU
		{955B8DEB-0FA2-400A-AC89-7F3B587B29AA}.Release|x86.ActiveCfg = Release|Any CPU
		{955B8DEB-0FA2-400A-AC89-7F3B587B29AA}.Release|x86.Build.0 = Release|Any CPU
		{A14A527C-DDC1-426F-BF9D-3558166ECAA9}.Debug|Any CPU.ActiveCfg = Debug|Any CPU
		{A14A527C-DDC1-426F-BF9D-3558166ECAA9}.Debug|Any CPU.Build.0 = Debug|Any CPU
		{A14A527C-DDC1-426F-BF9D-3558166ECAA9}.Debug|x64.ActiveCfg = Debug|Any CPU
		{A14A527C-DDC1-426F-BF9D-3558166ECAA9}.Debug|x64.Build.0 = Debug|Any CPU
		{A14A527C-DDC1-426F-BF9D-3558166ECAA9}.Debug|x86.ActiveCfg = Debug|Any CPU
		{A14A527C-DDC1-426F-BF9D-3558166ECAA9}.Debug|x86.Build.0 = Debug|Any CPU
		{A14A527C-DDC1-426F-BF9D-3558166ECAA9}.Release|Any CPU.ActiveCfg = Release|Any CPU
		{A14A527C-DDC1-426F-BF9D-3558166ECAA9}.Release|Any CPU.Build.0 = Release|Any CPU
		{A14A527C-DDC1-426F-BF9D-3558166ECAA9}.Release|x64.ActiveCfg = Release|Any CPU
		{A14A527C-DDC1-426F-BF9D-3558166ECAA9}.Release|x64.Build.0 = Release|Any CPU
		{A14A527C-DDC1-426F-BF9D-3558166ECAA9}.Release|x86.ActiveCfg = Release|Any CPU
		{A14A527C-DDC1-426F-BF9D-3558166ECAA9}.Release|x86.Build.0 = Release|Any CPU
		{E3274090-D0E4-422F-8930-CC1FB40F8BCB}.Debug|Any CPU.ActiveCfg = Debug|Any CPU
		{E3274090-D0E4-422F-8930-CC1FB40F8BCB}.Debug|Any CPU.Build.0 = Debug|Any CPU
		{E3274090-D0E4-422F-8930-CC1FB40F8BCB}.Debug|x64.ActiveCfg = Debug|Any CPU
		{E3274090-D0E4-422F-8930-CC1FB40F8BCB}.Debug|x64.Build.0 = Debug|Any CPU
		{E3274090-D0E4-422F-8930-CC1FB40F8BCB}.Debug|x86.ActiveCfg = Debug|Any CPU
		{E3274090-D0E4-422F-8930-CC1FB40F8BCB}.Debug|x86.Build.0 = Debug|Any CPU
		{E3274090-D0E4-422F-8930-CC1FB40F8BCB}.Release|Any CPU.ActiveCfg = Release|Any CPU
		{E3274090-D0E4-422F-8930-CC1FB40F8BCB}.Release|Any CPU.Build.0 = Release|Any CPU
		{E3274090-D0E4-422F-8930-CC1FB40F8BCB}.Release|x64.ActiveCfg = Release|Any CPU
		{E3274090-D0E4-422F-8930-CC1FB40F8BCB}.Release|x64.Build.0 = Release|Any CPU
		{E3274090-D0E4-422F-8930-CC1FB40F8BCB}.Release|x86.ActiveCfg = Release|Any CPU
		{E3274090-D0E4-422F-8930-CC1FB40F8BCB}.Release|x86.Build.0 = Release|Any CPU
	EndGlobalSection
EndGlobal
